
Microsoft Visual Studio Solution File, Format Version 12.00
# Visual Studio 16
Project("{FAE04EC0-301F-11D3-BF4B-00C04F79EFBC}") = "Assembly-CSharp", "Assembly-CSharp.csproj", "{0D3A9EDB-B694-5D83-D37E-B829E2320A11}"
EndProject
Project("{FAE04EC0-301F-11D3-BF4B-00C04F79EFBC}") = "Assembly-CSharp-Editor", "Assembly-CSharp-Editor.csproj", "{448A34C4-DC21-DE5B-1814-900C04334140}"
EndProject
Project("{FAE04EC0-301F-11D3-BF4B-00C04F79EFBC}") = "Assembly-CSharp-Editor-firstpass", "Assembly-CSharp-Editor-firstpass.csproj", "{A2F60143-DF72-2C0B-6785-6DEA147AFC11}"
EndProject
Global
	GlobalSection(SolutionConfigurationPlatforms) = preSolution
		Debug|Any CPU = Debug|Any CPU
		Release|Any CPU = Release|Any CPU
	EndGlobalSection
	GlobalSection(ProjectConfigurationPlatforms) = postSolution
		{0D3A9EDB-B694-5D83-D37E-B829E2320A11}.Debug|Any CPU.ActiveCfg = Debug|Any CPU
		{0D3A9EDB-B694-5D83-D37E-B829E2320A11}.Debug|Any CPU.Build.0 = Debug|Any CPU
		{0D3A9EDB-B694-5D83-D37E-B829E2320A11}.Release|Any CPU.ActiveCfg = Release|Any CPU
		{0D3A9EDB-B694-5D83-D37E-B829E2320A11}.Release|Any CPU.Build.0 = Release|Any CPU
		{448A34C4-DC21-DE5B-1814-900C04334140}.Debug|Any CPU.ActiveCfg = Debug|Any CPU
		{448A34C4-DC21-DE5B-1814-900C04334140}.Debug|Any CPU.Build.0 = Debug|Any CPU
		{448A34C4-DC21-DE5B-1814-900C04334140}.Release|Any CPU.ActiveCfg = Release|Any CPU
		{448A34C4-DC21-DE5B-1814-900C04334140}.Release|Any CPU.Build.0 = Release|Any CPU
		{A2F60143-DF72-2C0B-6785-6DEA147AFC11}.Debug|Any CPU.ActiveCfg = Debug|Any CPU
		{A2F60143-DF72-2C0B-6785-6DEA147AFC11}.Debug|Any CPU.Build.0 = Debug|Any CPU
		{A2F60143-DF72-2C0B-6785-6DEA147AFC11}.Release|Any CPU.ActiveCfg = Release|Any CPU
		{A2F60143-DF72-2C0B-6785-6DEA147AFC11}.Release|Any CPU.Build.0 = Release|Any CPU
	EndGlobalSection
	GlobalSection(SolutionProperties) = preSolution
		HideSolutionNode = FALSE
	EndGlobalSection
	GlobalSection(MonoDevelopProperties) = preSolution
		StartupItem = Assembly-CSharp.csproj
	EndGlobalSection
EndGlobal
